
Microsoft Visual Studio Solution File, Format Version 12.00
# Visual Studio Version 16
VisualStudioVersion = 16.0.30717.126
MinimumVisualStudioVersion = 10.0.40219.1
Project("{9A19103F-16F7-4668-BE54-9A1E7A4F7556}") = "kampIntro", "kampIntro\kampIntro.csproj", "{A77C1287-B65E-4F22-97A8-4920ACBCE163}"
EndProject
Project("{9A19103F-16F7-4668-BE54-9A1E7A4F7556}") = "Donguler", "Donguler\Donguler.csproj", "{7720889F-06C7-47AD-91A6-0A5BDA0C0365}"
EndProject
Project("{9A19103F-16F7-4668-BE54-9A1E7A4F7556}") = "Classıntro", "Classıntro\Classıntro.csproj", "{906BC44F-7097-4AB3-9EE0-65B6D28CF0F8}"
EndProject
Project("{9A19103F-16F7-4668-BE54-9A1E7A4F7556}") = "Metotlar", "Metotlar\Metotlar.csproj", "{F4032423-AEA4-44B4-80E5-8C4B94DD5727}"
EndProject
Project("{9A19103F-16F7-4668-BE54-9A1E7A4F7556}") = "Matemetik", "Matemetik\Matemetik.csproj", "{B97FABCF-38ED-424C-B398-A1451522798F}"
EndProject
Project("{9A19103F-16F7-4668-BE54-9A1E7A4F7556}") = "DegerVeReferansTipler", "DegerVeReferansTipler\DegerVeReferansTipler.csproj", "{0886E566-9E9C-4D7C-BBA9-284E1815A9B6}"
EndProject
Project("{9A19103F-16F7-4668-BE54-9A1E7A4F7556}") = "Odev", "Odev\Odev.csproj", "{8B218F80-8C03-4D1A-9FAB-6EE5B5F88534}"
EndProject
Project("{9A19103F-16F7-4668-BE54-9A1E7A4F7556}") = "OOP1", "OOP1\OOP1.csproj", "{9661D35A-E6A5-41AA-93DF-6675C792840C}"
EndProject
Project("{9A19103F-16F7-4668-BE54-9A1E7A4F7556}") = "Koleksiyonlar", "Koleksiyonlar\Koleksiyonlar.csproj", "{44794633-3B8B-429A-BC26-8EBD566301C7}"
EndProject
Project("{9A19103F-16F7-4668-BE54-9A1E7A4F7556}") = "Generichintro", "Generichintro\Generichintro.csproj", "{232F86D3-21D8-4842-8CC7-66B80898B6BA}"
EndProject
Project("{9A19103F-16F7-4668-BE54-9A1E7A4F7556}") = "ClassMetotDemo", "ClassMetotDemo\ClassMetotDemo.csproj", "{8A0A58DE-B7CC-4658-8B1C-1ED25D9F610B}"
EndProject
Project("{FAE04EC0-301F-11D3-BF4B-00C04F79EFBC}") = "OOP2", "Oop2\OOP2.csproj", "{3CAF057D-AA5B-44B0-ADB7-22237CEED840}"
EndProject
Project("{FAE04EC0-301F-11D3-BF4B-00C04F79EFBC}") = "OOP3", "OOp3\OOP3.csproj", "{065968EE-9C5E-41AD-986D-B044171406F2}"
EndProject
Global
	GlobalSection(SolutionConfigurationPlatforms) = preSolution
		Debug|Any CPU = Debug|Any CPU
		Release|Any CPU = Release|Any CPU
	EndGlobalSection
	GlobalSection(ProjectConfigurationPlatforms) = postSolution
		{A77C1287-B65E-4F22-97A8-4920ACBCE163}.Debug|Any CPU.ActiveCfg = Debug|Any CPU
		{A77C1287-B65E-4F22-97A8-4920ACBCE163}.Debug|Any CPU.Build.0 = Debug|Any CPU
		{A77C1287-B65E-4F22-97A8-4920ACBCE163}.Release|Any CPU.ActiveCfg = Release|Any CPU
		{A77C1287-B65E-4F22-97A8-4920ACBCE163}.Release|Any CPU.Build.0 = Release|Any CPU
		{7720889F-06C7-47AD-91A6-0A5BDA0C0365}.Debug|Any CPU.ActiveCfg = Debug|Any CPU
		{7720889F-06C7-47AD-91A6-0A5BDA0C0365}.Debug|Any CPU.Build.0 = Debug|Any CPU
		{7720889F-06C7-47AD-91A6-0A5BDA0C0365}.Release|Any CPU.ActiveCfg = Release|Any CPU
		{7720889F-06C7-47AD-91A6-0A5BDA0C0365}.Release|Any CPU.Build.0 = Release|Any CPU
		{906BC44F-7097-4AB3-9EE0-65B6D28CF0F8}.Debug|Any CPU.ActiveCfg = Debug|Any CPU
		{906BC44F-7097-4AB3-9EE0-65B6D28CF0F8}.Debug|Any CPU.Build.0 = Debug|Any CPU
		{906BC44F-7097-4AB3-9EE0-65B6D28CF0F8}.Release|Any CPU.ActiveCfg = Release|Any CPU
		{906BC44F-7097-4AB3-9EE0-65B6D28CF0F8}.Release|Any CPU.Build.0 = Release|Any CPU
		{F4032423-AEA4-44B4-80E5-8C4B94DD5727}.Debug|Any CPU.ActiveCfg = Debug|Any CPU
		{F4032423-AEA4-44B4-80E5-8C4B94DD5727}.Debug|Any CPU.Build.0 = Debug|Any CPU
		{F4032423-AEA4-44B4-80E5-8C4B94DD5727}.Release|Any CPU.ActiveCfg = Release|Any CPU
		{F4032423-AEA4-44B4-80E5-8C4B94DD5727}.Release|Any CPU.Build.0 = Release|Any CPU
		{B97FABCF-38ED-424C-B398-A1451522798F}.Debug|Any CPU.ActiveCfg = Debug|Any CPU
		{B97FABCF-38ED-424C-B398-A1451522798F}.Debug|Any CPU.Build.0 = Debug|Any CPU
		{B97FABCF-38ED-424C-B398-A1451522798F}.Release|Any CPU.ActiveCfg = Release|Any CPU
		{B97FABCF-38ED-424C-B398-A1451522798F}.Release|Any CPU.Build.0 = Release|Any CPU
		{0886E566-9E9C-4D7C-BBA9-284E1815A9B6}.Debug|Any CPU.ActiveCfg = Debug|Any CPU
		{0886E566-9E9C-4D7C-BBA9-284E1815A9B6}.Debug|Any CPU.Build.0 = Debug|Any CPU
		{0886E566-9E9C-4D7C-BBA9-284E1815A9B6}.Release|Any CPU.ActiveCfg = Release|Any CPU
		{0886E566-9E9C-4D7C-BBA9-284E1815A9B6}.Release|Any CPU.Build.0 = Release|Any CPU
		{8B218F80-8C03-4D1A-9FAB-6EE5B5F88534}.Debug|Any CPU.ActiveCfg = Debug|Any CPU
		{8B218F80-8C03-4D1A-9FAB-6EE5B5F88534}.Debug|Any CPU.Build.0 = Debug|Any CPU
		{8B218F80-8C03-4D1A-9FAB-6EE5B5F88534}.Release|Any CPU.ActiveCfg = Release|Any CPU
		{8B218F80-8C03-4D1A-9FAB-6EE5B5F88534}.Release|Any CPU.Build.0 = Release|Any CPU
		{9661D35A-E6A5-41AA-93DF-6675C792840C}.Debug|Any CPU.ActiveCfg = Debug|Any CPU
		{9661D35A-E6A5-41AA-93DF-6675C792840C}.Debug|Any CPU.Build.0 = Debug|Any CPU
		{9661D35A-E6A5-41AA-93DF-6675C792840C}.Release|Any CPU.ActiveCfg = Release|Any CPU
		{9661D35A-E6A5-41AA-93DF-6675C792840C}.Release|Any CPU.Build.0 = Release|Any CPU
		{44794633-3B8B-429A-BC26-8EBD566301C7}.Debug|Any CPU.ActiveCfg = Debug|Any CPU
		{44794633-3B8B-429A-BC26-8EBD566301C7}.Debug|Any CPU.Build.0 = Debug|Any CPU
		{44794633-3B8B-429A-BC26-8EBD566301C7}.Release|Any CPU.ActiveCfg = Release|Any CPU
		{44794633-3B8B-429A-BC26-8EBD566301C7}.Release|Any CPU.Build.0 = Release|Any CPU
		{232F86D3-21D8-4842-8CC7-66B80898B6BA}.Debug|Any CPU.ActiveCfg = Debug|Any CPU
		{232F86D3-21D8-4842-8CC7-66B80898B6BA}.Debug|Any CPU.Build.0 = Debug|Any CPU
		{232F86D3-21D8-4842-8CC7-66B80898B6BA}.Release|Any CPU.ActiveCfg = Release|Any CPU
		{232F86D3-21D8-4842-8CC7-66B80898B6BA}.Release|Any CPU.Build.0 = Release|Any CPU
		{8A0A58DE-B7CC-4658-8B1C-1ED25D9F610B}.Debug|Any CPU.ActiveCfg = Debug|Any CPU
		{8A0A58DE-B7CC-4658-8B1C-1ED25D9F610B}.Debug|Any CPU.Build.0 = Debug|Any CPU
		{8A0A58DE-B7CC-4658-8B1C-1ED25D9F610B}.Release|Any CPU.ActiveCfg = Release|Any CPU
		{8A0A58DE-B7CC-4658-8B1C-1ED25D9F610B}.Release|Any CPU.Build.0 = Release|Any CPU
		{3CAF057D-AA5B-44B0-ADB7-22237CEED840}.Debug|Any CPU.ActiveCfg = Debug|Any CPU
		{3CAF057D-AA5B-44B0-ADB7-22237CEED840}.Debug|Any CPU.Build.0 = Debug|Any CPU
		{3CAF057D-AA5B-44B0-ADB7-22237CEED840}.Release|Any CPU.ActiveCfg = Release|Any CPU
		{3CAF057D-AA5B-44B0-ADB7-22237CEED840}.Release|Any CPU.Build.0 = Release|Any CPU
		{065968EE-9C5E-41AD-986D-B044171406F2}.Debug|Any CPU.ActiveCfg = Debug|Any CPU
		{065968EE-9C5E-41AD-986D-B044171406F2}.Debug|Any CPU.Build.0 = Debug|Any CPU
		{065968EE-9C5E-41AD-986D-B044171406F2}.Release|Any CPU.ActiveCfg = Release|Any CPU
		{065968EE-9C5E-41AD-986D-B044171406F2}.Release|Any CPU.Build.0 = Release|Any CPU
	EndGlobalSection
	GlobalSection(SolutionProperties) = preSolution
		HideSolutionNode = FALSE
	EndGlobalSection
	GlobalSection(ExtensibilityGlobals) = postSolution
		SolutionGuid = {6E05C3EF-04A9-4DBA-9704-4F820045E21D}
	EndGlobalSection
EndGlobal
